
Microsoft Visual Studio Solution File, Format Version 12.00
# Visual Studio Version 16
VisualStudioVersion = 16.0.31410.357
MinimumVisualStudioVersion = 10.0.40219.1
Project("{8BC9CEB8-8B4A-11D0-8D11-00A0C91BC942}") = "Problem6_SortedInsert", "Problem6_SortedInsert\Problem6_SortedInsert.vcxproj", "{C3AC86BD-AEB5-499B-BAA5-64213188158A}"
EndProject
Global
	GlobalSection(SolutionConfigurationPlatforms) = preSolution
		Debug|x64 = Debug|x64
		Debug|x86 = Debug|x86
		Release|x64 = Release|x64
		Release|x86 = Release|x86
	EndGlobalSection
	GlobalSection(ProjectConfigurationPlatforms) = postSolution
		{C3AC86BD-AEB5-499B-BAA5-64213188158A}.Debug|x64.ActiveCfg = Debug|x64
		{C3AC86BD-AEB5-499B-BAA5-64213188158A}.Debug|x64.Build.0 = Debug|x64
		{C3AC86BD-AEB5-499B-BAA5-64213188158A}.Debug|x86.ActiveCfg = Debug|Win32
		{C3AC86BD-AEB5-499B-BAA5-64213188158A}.Debug|x86.Build.0 = Debug|Win32
		{C3AC86BD-AEB5-499B-BAA5-64213188158A}.Release|x64.ActiveCfg = Release|x64
		{C3AC86BD-AEB5-499B-BAA5-64213188158A}.Release|x64.Build.0 = Release|x64
		{C3AC86BD-AEB5-499B-BAA5-64213188158A}.Release|x86.ActiveCfg = Release|Win32
		{C3AC86BD-AEB5-499B-BAA5-64213188158A}.Release|x86.Build.0 = Release|Win32
	EndGlobalSection
	GlobalSection(SolutionProperties) = preSolution
		HideSolutionNode = FALSE
	EndGlobalSection
	GlobalSection(ExtensibilityGlobals) = postSolution
		SolutionGuid = {177DD69C-D505-4F67-8D01-3A9FA4F1EE0A}
	EndGlobalSection
EndGlobal
