
Microsoft Visual Studio Solution File, Format Version 12.00
# Visual Studio Version 16
VisualStudioVersion = 16.0.31410.357
MinimumVisualStudioVersion = 10.0.40219.1
Project("{8BC9CEB8-8B4A-11D0-8D11-00A0C91BC942}") = "Problem9_FrontBackSplit", "Problem9_FrontBackSplit\Problem9_FrontBackSplit.vcxproj", "{B9ECD3F6-BB2D-45DC-8A33-7F07B9CBDFBA}"
EndProject
Global
	GlobalSection(SolutionConfigurationPlatforms) = preSolution
		Debug|x64 = Debug|x64
		Debug|x86 = Debug|x86
		Release|x64 = Release|x64
		Release|x86 = Release|x86
	EndGlobalSection
	GlobalSection(ProjectConfigurationPlatforms) = postSolution
		{B9ECD3F6-BB2D-45DC-8A33-7F07B9CBDFBA}.Debug|x64.ActiveCfg = Debug|x64
		{B9ECD3F6-BB2D-45DC-8A33-7F07B9CBDFBA}.Debug|x64.Build.0 = Debug|x64
		{B9ECD3F6-BB2D-45DC-8A33-7F07B9CBDFBA}.Debug|x86.ActiveCfg = Debug|Win32
		{B9ECD3F6-BB2D-45DC-8A33-7F07B9CBDFBA}.Debug|x86.Build.0 = Debug|Win32
		{B9ECD3F6-BB2D-45DC-8A33-7F07B9CBDFBA}.Release|x64.ActiveCfg = Release|x64
		{B9ECD3F6-BB2D-45DC-8A33-7F07B9CBDFBA}.Release|x64.Build.0 = Release|x64
		{B9ECD3F6-BB2D-45DC-8A33-7F07B9CBDFBA}.Release|x86.ActiveCfg = Release|Win32
		{B9ECD3F6-BB2D-45DC-8A33-7F07B9CBDFBA}.Release|x86.Build.0 = Release|Win32
	EndGlobalSection
	GlobalSection(SolutionProperties) = preSolution
		HideSolutionNode = FALSE
	EndGlobalSection
	GlobalSection(ExtensibilityGlobals) = postSolution
		SolutionGuid = {0FBA80F3-A3DF-4914-8589-644E0BAC3EF3}
	EndGlobalSection
EndGlobal
